// !$*UTF8*$!
{
	archiveVersion = 1;
	classes = {
	};
	objectVersion = 46;
	objects = {

/* Begin PBXBuildFile section */
		1CEA4537DD65C5C20A4B22CB /* Pods_techcrunch_hack_sf_2017.framework in Frameworks */ = {isa = PBXBuildFile; fileRef = 3378B69FB9F31A98DEA333B2 /* Pods_techcrunch_hack_sf_2017.framework */; };
		226C302820891509B7F5AE44 /* Pods_techcrunch_hack_sf_2017Tests.framework in Frameworks */ = {isa = PBXBuildFile; fileRef = A5F36D6D342829C5B80711CD /* Pods_techcrunch_hack_sf_2017Tests.framework */; };
		8E1CE585B047C15266BD839D /* Pods_techcrunch_hack_sf_2017UITests.framework in Frameworks */ = {isa = PBXBuildFile; fileRef = 4342707A0B26D5014E048DC4 /* Pods_techcrunch_hack_sf_2017UITests.framework */; };
		BA510E9A1F6DB69F00B73B40 /* AppDelegate.swift in Sources */ = {isa = PBXBuildFile; fileRef = BA510E991F6DB69F00B73B40 /* AppDelegate.swift */; };
		BA510EA11F6DB69F00B73B40 /* Assets.xcassets in Resources */ = {isa = PBXBuildFile; fileRef = BA510EA01F6DB69F00B73B40 /* Assets.xcassets */; };
		BA510EA41F6DB69F00B73B40 /* LaunchScreen.storyboard in Resources */ = {isa = PBXBuildFile; fileRef = BA510EA21F6DB69F00B73B40 /* LaunchScreen.storyboard */; };
		BA510EAF1F6DB69F00B73B40 /* techcrunch_hack_sf_2017Tests.swift in Sources */ = {isa = PBXBuildFile; fileRef = BA510EAE1F6DB69F00B73B40 /* techcrunch_hack_sf_2017Tests.swift */; };
		BA510EBA1F6DB69F00B73B40 /* techcrunch_hack_sf_2017UITests.swift in Sources */ = {isa = PBXBuildFile; fileRef = BA510EB91F6DB69F00B73B40 /* techcrunch_hack_sf_2017UITests.swift */; };
		BA510ECB1F6DDCD300B73B40 /* HomeViewController.swift in Sources */ = {isa = PBXBuildFile; fileRef = BA510EC91F6DDCD300B73B40 /* HomeViewController.swift */; };
		BA510ECC1F6DDCD300B73B40 /* HomeViewController.xib in Resources */ = {isa = PBXBuildFile; fileRef = BA510ECA1F6DDCD300B73B40 /* HomeViewController.xib */; };
		BA510ED01F6DE4B800B73B40 /* CustomAnnotationView.swift in Sources */ = {isa = PBXBuildFile; fileRef = BA510ECF1F6DE4B800B73B40 /* CustomAnnotationView.swift */; };
		BA510ED21F6DF73100B73B40 /* DetailViewController.xib in Resources */ = {isa = PBXBuildFile; fileRef = BA510ED11F6DF73100B73B40 /* DetailViewController.xib */; };
		BA510ED41F6DF73800B73B40 /* DetailViewController.swift in Sources */ = {isa = PBXBuildFile; fileRef = BA510ED31F6DF73800B73B40 /* DetailViewController.swift */; };
		BA510ED61F6DF7F800B73B40 /* Request.swift in Sources */ = {isa = PBXBuildFile; fileRef = BA510ED51F6DF7F800B73B40 /* Request.swift */; };
		BA510ED91F6DF90E00B73B40 /* CustomAnnotation.swift in Sources */ = {isa = PBXBuildFile; fileRef = BA510ED81F6DF90E00B73B40 /* CustomAnnotation.swift */; };
/* End PBXBuildFile section */

/* Begin PBXContainerItemProxy section */
		BA510EAB1F6DB69F00B73B40 /* PBXContainerItemProxy */ = {
			isa = PBXContainerItemProxy;
			containerPortal = BA510E8E1F6DB69F00B73B40 /* Project object */;
			proxyType = 1;
			remoteGlobalIDString = BA510E951F6DB69F00B73B40;
			remoteInfo = "techcrunch-hack-sf-2017";
		};
		BA510EB61F6DB69F00B73B40 /* PBXContainerItemProxy */ = {
			isa = PBXContainerItemProxy;
			containerPortal = BA510E8E1F6DB69F00B73B40 /* Project object */;
			proxyType = 1;
			remoteGlobalIDString = BA510E951F6DB69F00B73B40;
			remoteInfo = "techcrunch-hack-sf-2017";
		};
/* End PBXContainerItemProxy section */

/* Begin PBXFileReference section */
		00D1AC087F5D82209BBD43E3 /* Pods-techcrunch-hack-sf-2017.debug.xcconfig */ = {isa = PBXFileReference; includeInIndex = 1; lastKnownFileType = text.xcconfig; name = "Pods-techcrunch-hack-sf-2017.debug.xcconfig"; path = "Pods/Target Support Files/Pods-techcrunch-hack-sf-2017/Pods-techcrunch-hack-sf-2017.debug.xcconfig"; sourceTree = "<group>"; };
		095EF2737FE6EFAAB639F211 /* Pods-techcrunch-hack-sf-2017Tests.release.xcconfig */ = {isa = PBXFileReference; includeInIndex = 1; lastKnownFileType = text.xcconfig; name = "Pods-techcrunch-hack-sf-2017Tests.release.xcconfig"; path = "Pods/Target Support Files/Pods-techcrunch-hack-sf-2017Tests/Pods-techcrunch-hack-sf-2017Tests.release.xcconfig"; sourceTree = "<group>"; };
		1BFB03E7CB2C18B74972D16C /* Pods-techcrunch-hack-sf-2017Tests.debug.xcconfig */ = {isa = PBXFileReference; includeInIndex = 1; lastKnownFileType = text.xcconfig; name = "Pods-techcrunch-hack-sf-2017Tests.debug.xcconfig"; path = "Pods/Target Support Files/Pods-techcrunch-hack-sf-2017Tests/Pods-techcrunch-hack-sf-2017Tests.debug.xcconfig"; sourceTree = "<group>"; };
		2E7F7FCC7E41741F2BD2E943 /* Pods-techcrunch-hack-sf-2017UITests.debug.xcconfig */ = {isa = PBXFileReference; includeInIndex = 1; lastKnownFileType = text.xcconfig; name = "Pods-techcrunch-hack-sf-2017UITests.debug.xcconfig"; path = "Pods/Target Support Files/Pods-techcrunch-hack-sf-2017UITests/Pods-techcrunch-hack-sf-2017UITests.debug.xcconfig"; sourceTree = "<group>"; };
		3378B69FB9F31A98DEA333B2 /* Pods_techcrunch_hack_sf_2017.framework */ = {isa = PBXFileReference; explicitFileType = wrapper.framework; includeInIndex = 0; path = Pods_techcrunch_hack_sf_2017.framework; sourceTree = BUILT_PRODUCTS_DIR; };
		4342707A0B26D5014E048DC4 /* Pods_techcrunch_hack_sf_2017UITests.framework */ = {isa = PBXFileReference; explicitFileType = wrapper.framework; includeInIndex = 0; path = Pods_techcrunch_hack_sf_2017UITests.framework; sourceTree = BUILT_PRODUCTS_DIR; };
		8EDFEEABAD6F9801E63B2E6C /* Pods-techcrunch-hack-sf-2017UITests.release.xcconfig */ = {isa = PBXFileReference; includeInIndex = 1; lastKnownFileType = text.xcconfig; name = "Pods-techcrunch-hack-sf-2017UITests.release.xcconfig"; path = "Pods/Target Support Files/Pods-techcrunch-hack-sf-2017UITests/Pods-techcrunch-hack-sf-2017UITests.release.xcconfig"; sourceTree = "<group>"; };
		90E8AD60678E823971ACA683 /* Pods-techcrunch-hack-sf-2017.release.xcconfig */ = {isa = PBXFileReference; includeInIndex = 1; lastKnownFileType = text.xcconfig; name = "Pods-techcrunch-hack-sf-2017.release.xcconfig"; path = "Pods/Target Support Files/Pods-techcrunch-hack-sf-2017/Pods-techcrunch-hack-sf-2017.release.xcconfig"; sourceTree = "<group>"; };
		A5F36D6D342829C5B80711CD /* Pods_techcrunch_hack_sf_2017Tests.framework */ = {isa = PBXFileReference; explicitFileType = wrapper.framework; includeInIndex = 0; path = Pods_techcrunch_hack_sf_2017Tests.framework; sourceTree = BUILT_PRODUCTS_DIR; };
		BA510E961F6DB69F00B73B40 /* techcrunch-hack-sf-2017.app */ = {isa = PBXFileReference; explicitFileType = wrapper.application; includeInIndex = 0; path = "techcrunch-hack-sf-2017.app"; sourceTree = BUILT_PRODUCTS_DIR; };
		BA510E991F6DB69F00B73B40 /* AppDelegate.swift */ = {isa = PBXFileReference; lastKnownFileType = sourcecode.swift; path = AppDelegate.swift; sourceTree = "<group>"; };
		BA510EA01F6DB69F00B73B40 /* Assets.xcassets */ = {isa = PBXFileReference; lastKnownFileType = folder.assetcatalog; path = Assets.xcassets; sourceTree = "<group>"; };
		BA510EA31F6DB69F00B73B40 /* Base */ = {isa = PBXFileReference; lastKnownFileType = file.storyboard; name = Base; path = Base.lproj/LaunchScreen.storyboard; sourceTree = "<group>"; };
		BA510EA51F6DB69F00B73B40 /* Info.plist */ = {isa = PBXFileReference; lastKnownFileType = text.plist.xml; path = Info.plist; sourceTree = "<group>"; };
		BA510EAA1F6DB69F00B73B40 /* techcrunch-hack-sf-2017Tests.xctest */ = {isa = PBXFileReference; explicitFileType = wrapper.cfbundle; includeInIndex = 0; path = "techcrunch-hack-sf-2017Tests.xctest"; sourceTree = BUILT_PRODUCTS_DIR; };
		BA510EAE1F6DB69F00B73B40 /* techcrunch_hack_sf_2017Tests.swift */ = {isa = PBXFileReference; lastKnownFileType = sourcecode.swift; path = techcrunch_hack_sf_2017Tests.swift; sourceTree = "<group>"; };
		BA510EB01F6DB69F00B73B40 /* Info.plist */ = {isa = PBXFileReference; lastKnownFileType = text.plist.xml; path = Info.plist; sourceTree = "<group>"; };
		BA510EB51F6DB69F00B73B40 /* techcrunch-hack-sf-2017UITests.xctest */ = {isa = PBXFileReference; explicitFileType = wrapper.cfbundle; includeInIndex = 0; path = "techcrunch-hack-sf-2017UITests.xctest"; sourceTree = BUILT_PRODUCTS_DIR; };
		BA510EB91F6DB69F00B73B40 /* techcrunch_hack_sf_2017UITests.swift */ = {isa = PBXFileReference; lastKnownFileType = sourcecode.swift; path = techcrunch_hack_sf_2017UITests.swift; sourceTree = "<group>"; };
		BA510EBB1F6DB69F00B73B40 /* Info.plist */ = {isa = PBXFileReference; lastKnownFileType = text.plist.xml; path = Info.plist; sourceTree = "<group>"; };
		BA510EC91F6DDCD300B73B40 /* HomeViewController.swift */ = {isa = PBXFileReference; fileEncoding = 4; lastKnownFileType = sourcecode.swift; name = HomeViewController.swift; path = ../HomeViewController.swift; sourceTree = "<group>"; };
		BA510ECA1F6DDCD300B73B40 /* HomeViewController.xib */ = {isa = PBXFileReference; fileEncoding = 4; lastKnownFileType = file.xib; name = HomeViewController.xib; path = ../HomeViewController.xib; sourceTree = "<group>"; };
		BA510ECF1F6DE4B800B73B40 /* CustomAnnotationView.swift */ = {isa = PBXFileReference; fileEncoding = 4; lastKnownFileType = sourcecode.swift; name = CustomAnnotationView.swift; path = ../CustomAnnotationView.swift; sourceTree = "<group>"; };
		BA510ED11F6DF73100B73B40 /* DetailViewController.xib */ = {isa = PBXFileReference; fileEncoding = 4; lastKnownFileType = file.xib; path = DetailViewController.xib; sourceTree = "<group>"; };
		BA510ED31F6DF73800B73B40 /* DetailViewController.swift */ = {isa = PBXFileReference; fileEncoding = 4; lastKnownFileType = sourcecode.swift; path = DetailViewController.swift; sourceTree = "<group>"; };
		BA510ED51F6DF7F800B73B40 /* Request.swift */ = {isa = PBXFileReference; fileEncoding = 4; lastKnownFileType = sourcecode.swift; path = Request.swift; sourceTree = "<group>"; };
		BA510ED81F6DF90E00B73B40 /* CustomAnnotation.swift */ = {isa = PBXFileReference; fileEncoding = 4; lastKnownFileType = sourcecode.swift; path = CustomAnnotation.swift; sourceTree = "<group>"; };
/* End PBXFileReference section */

/* Begin PBXFrameworksBuildPhase section */
		BA510E931F6DB69F00B73B40 /* Frameworks */ = {
			isa = PBXFrameworksBuildPhase;
			buildActionMask = 2147483647;
			files = (
				1CEA4537DD65C5C20A4B22CB /* Pods_techcrunch_hack_sf_2017.framework in Frameworks */,
			);
			runOnlyForDeploymentPostprocessing = 0;
		};
		BA510EA71F6DB69F00B73B40 /* Frameworks */ = {
			isa = PBXFrameworksBuildPhase;
			buildActionMask = 2147483647;
			files = (
				226C302820891509B7F5AE44 /* Pods_techcrunch_hack_sf_2017Tests.framework in Frameworks */,
			);
			runOnlyForDeploymentPostprocessing = 0;
		};
		BA510EB21F6DB69F00B73B40 /* Frameworks */ = {
			isa = PBXFrameworksBuildPhase;
			buildActionMask = 2147483647;
			files = (
				8E1CE585B047C15266BD839D /* Pods_techcrunch_hack_sf_2017UITests.framework in Frameworks */,
			);
			runOnlyForDeploymentPostprocessing = 0;
		};
/* End PBXFrameworksBuildPhase section */

/* Begin PBXGroup section */
		A17704B415E3032367042E9E /* Frameworks */ = {
			isa = PBXGroup;
			children = (
				3378B69FB9F31A98DEA333B2 /* Pods_techcrunch_hack_sf_2017.framework */,
				A5F36D6D342829C5B80711CD /* Pods_techcrunch_hack_sf_2017Tests.framework */,
				4342707A0B26D5014E048DC4 /* Pods_techcrunch_hack_sf_2017UITests.framework */,
			);
			name = Frameworks;
			sourceTree = "<group>";
		};
		ACEBEFBA78C4B14E8FA211B3 /* Pods */ = {
			isa = PBXGroup;
			children = (
				00D1AC087F5D82209BBD43E3 /* Pods-techcrunch-hack-sf-2017.debug.xcconfig */,
				90E8AD60678E823971ACA683 /* Pods-techcrunch-hack-sf-2017.release.xcconfig */,
				1BFB03E7CB2C18B74972D16C /* Pods-techcrunch-hack-sf-2017Tests.debug.xcconfig */,
				095EF2737FE6EFAAB639F211 /* Pods-techcrunch-hack-sf-2017Tests.release.xcconfig */,
				2E7F7FCC7E41741F2BD2E943 /* Pods-techcrunch-hack-sf-2017UITests.debug.xcconfig */,
				8EDFEEABAD6F9801E63B2E6C /* Pods-techcrunch-hack-sf-2017UITests.release.xcconfig */,
			);
			name = Pods;
			sourceTree = "<group>";
		};
		BA510E8D1F6DB69F00B73B40 = {
			isa = PBXGroup;
			children = (
				BA510E981F6DB69F00B73B40 /* techcrunch-hack-sf-2017 */,
				BA510EAD1F6DB69F00B73B40 /* techcrunch-hack-sf-2017Tests */,
				BA510EB81F6DB69F00B73B40 /* techcrunch-hack-sf-2017UITests */,
				BA510E971F6DB69F00B73B40 /* Products */,
				ACEBEFBA78C4B14E8FA211B3 /* Pods */,
				A17704B415E3032367042E9E /* Frameworks */,
			);
			sourceTree = "<group>";
		};
		BA510E971F6DB69F00B73B40 /* Products */ = {
			isa = PBXGroup;
			children = (
				BA510E961F6DB69F00B73B40 /* techcrunch-hack-sf-2017.app */,
				BA510EAA1F6DB69F00B73B40 /* techcrunch-hack-sf-2017Tests.xctest */,
				BA510EB51F6DB69F00B73B40 /* techcrunch-hack-sf-2017UITests.xctest */,
			);
			name = Products;
			sourceTree = "<group>";
		};
		BA510E981F6DB69F00B73B40 /* techcrunch-hack-sf-2017 */ = {
			isa = PBXGroup;
			children = (
				BA510E991F6DB69F00B73B40 /* AppDelegate.swift */,
				BA510EA01F6DB69F00B73B40 /* Assets.xcassets */,
				BA510EA51F6DB69F00B73B40 /* Info.plist */,
				BA510ED71F6DF80000B73B40 /* Models */,
				BA510ECE1F6DDCE400B73B40 /* View Controllers */,
				BA510ECD1F6DDCDF00B73B40 /* Views */,
			);
			path = "techcrunch-hack-sf-2017";
			sourceTree = "<group>";
		};
		BA510EAD1F6DB69F00B73B40 /* techcrunch-hack-sf-2017Tests */ = {
			isa = PBXGroup;
			children = (
				BA510EAE1F6DB69F00B73B40 /* techcrunch_hack_sf_2017Tests.swift */,
				BA510EB01F6DB69F00B73B40 /* Info.plist */,
			);
			path = "techcrunch-hack-sf-2017Tests";
			sourceTree = "<group>";
		};
		BA510EB81F6DB69F00B73B40 /* techcrunch-hack-sf-2017UITests */ = {
			isa = PBXGroup;
			children = (
				BA510EB91F6DB69F00B73B40 /* techcrunch_hack_sf_2017UITests.swift */,
				BA510EBB1F6DB69F00B73B40 /* Info.plist */,
			);
			path = "techcrunch-hack-sf-2017UITests";
			sourceTree = "<group>";
		};
		BA510ECD1F6DDCDF00B73B40 /* Views */ = {
			isa = PBXGroup;
			children = (
				BA510ECF1F6DE4B800B73B40 /* CustomAnnotationView.swift */,
				BA510ED81F6DF90E00B73B40 /* CustomAnnotation.swift */,
				BA510ED11F6DF73100B73B40 /* DetailViewController.xib */,
				BA510ECA1F6DDCD300B73B40 /* HomeViewController.xib */,
				BA510EA21F6DB69F00B73B40 /* LaunchScreen.storyboard */,
			);
			name = Views;
			sourceTree = "<group>";
		};
		BA510ECE1F6DDCE400B73B40 /* View Controllers */ = {
			isa = PBXGroup;
			children = (
				BA510ED31F6DF73800B73B40 /* DetailViewController.swift */,
				BA510EC91F6DDCD300B73B40 /* HomeViewController.swift */,
			);
			name = "View Controllers";
			sourceTree = "<group>";
		};
		BA510ED71F6DF80000B73B40 /* Models */ = {
			isa = PBXGroup;
			children = (
				BA510ED51F6DF7F800B73B40 /* Request.swift */,
			);
			name = Models;
			sourceTree = "<group>";
		};
/* End PBXGroup section */

/* Begin PBXNativeTarget section */
		BA510E951F6DB69F00B73B40 /* techcrunch-hack-sf-2017 */ = {
			isa = PBXNativeTarget;
			buildConfigurationList = BA510EBE1F6DB69F00B73B40 /* Build configuration list for PBXNativeTarget "techcrunch-hack-sf-2017" */;
			buildPhases = (
				853B62DF64C6FF129AFD942A /* [CP] Check Pods Manifest.lock */,
				BA510E921F6DB69F00B73B40 /* Sources */,
				BA510E931F6DB69F00B73B40 /* Frameworks */,
				BA510E941F6DB69F00B73B40 /* Resources */,
				95AA767AAFF97044D2D147E1 /* [CP] Embed Pods Frameworks */,
				AA9E9CA730B63D1B8D002C1E /* [CP] Copy Pods Resources */,
			);
			buildRules = (
			);
			dependencies = (
			);
			name = "techcrunch-hack-sf-2017";
			productName = "techcrunch-hack-sf-2017";
			productReference = BA510E961F6DB69F00B73B40 /* techcrunch-hack-sf-2017.app */;
			productType = "com.apple.product-type.application";
		};
		BA510EA91F6DB69F00B73B40 /* techcrunch-hack-sf-2017Tests */ = {
			isa = PBXNativeTarget;
			buildConfigurationList = BA510EC11F6DB69F00B73B40 /* Build configuration list for PBXNativeTarget "techcrunch-hack-sf-2017Tests" */;
			buildPhases = (
				834007E65929F625AAEF0D73 /* [CP] Check Pods Manifest.lock */,
				BA510EA61F6DB69F00B73B40 /* Sources */,
				BA510EA71F6DB69F00B73B40 /* Frameworks */,
				BA510EA81F6DB69F00B73B40 /* Resources */,
				8B3701D0D13A4EF1511A5EE2 /* [CP] Embed Pods Frameworks */,
				255D3102EFA6E3E1FF667E9C /* [CP] Copy Pods Resources */,
			);
			buildRules = (
			);
			dependencies = (
				BA510EAC1F6DB69F00B73B40 /* PBXTargetDependency */,
			);
			name = "techcrunch-hack-sf-2017Tests";
			productName = "techcrunch-hack-sf-2017Tests";
			productReference = BA510EAA1F6DB69F00B73B40 /* techcrunch-hack-sf-2017Tests.xctest */;
			productType = "com.apple.product-type.bundle.unit-test";
		};
		BA510EB41F6DB69F00B73B40 /* techcrunch-hack-sf-2017UITests */ = {
			isa = PBXNativeTarget;
			buildConfigurationList = BA510EC41F6DB69F00B73B40 /* Build configuration list for PBXNativeTarget "techcrunch-hack-sf-2017UITests" */;
			buildPhases = (
				15FE0D7B7691018F13EC58FC /* [CP] Check Pods Manifest.lock */,
				BA510EB11F6DB69F00B73B40 /* Sources */,
				BA510EB21F6DB69F00B73B40 /* Frameworks */,
				BA510EB31F6DB69F00B73B40 /* Resources */,
				F5F1AB96FB7A1ACFF908D50D /* [CP] Embed Pods Frameworks */,
				9CC3390F95DBC082DDFC9080 /* [CP] Copy Pods Resources */,
			);
			buildRules = (
			);
			dependencies = (
				BA510EB71F6DB69F00B73B40 /* PBXTargetDependency */,
			);
			name = "techcrunch-hack-sf-2017UITests";
			productName = "techcrunch-hack-sf-2017UITests";
			productReference = BA510EB51F6DB69F00B73B40 /* techcrunch-hack-sf-2017UITests.xctest */;
			productType = "com.apple.product-type.bundle.ui-testing";
		};
/* End PBXNativeTarget section */

/* Begin PBXProject section */
		BA510E8E1F6DB69F00B73B40 /* Project object */ = {
			isa = PBXProject;
			attributes = {
				LastSwiftUpdateCheck = 0830;
				LastUpgradeCheck = 0830;
				ORGANIZATIONNAME = propelland;
				TargetAttributes = {
					BA510E951F6DB69F00B73B40 = {
						CreatedOnToolsVersion = 8.3.3;
						DevelopmentTeam = D2NAM757TM;
						ProvisioningStyle = Automatic;
					};
					BA510EA91F6DB69F00B73B40 = {
						CreatedOnToolsVersion = 8.3.3;
						DevelopmentTeam = D2NAM757TM;
						ProvisioningStyle = Automatic;
						TestTargetID = BA510E951F6DB69F00B73B40;
					};
					BA510EB41F6DB69F00B73B40 = {
						CreatedOnToolsVersion = 8.3.3;
						DevelopmentTeam = D2NAM757TM;
						ProvisioningStyle = Automatic;
						TestTargetID = BA510E951F6DB69F00B73B40;
					};
				};
			};
			buildConfigurationList = BA510E911F6DB69F00B73B40 /* Build configuration list for PBXProject "techcrunch-hack-sf-2017" */;
			compatibilityVersion = "Xcode 3.2";
			developmentRegion = English;
			hasScannedForEncodings = 0;
			knownRegions = (
				en,
				Base,
			);
			mainGroup = BA510E8D1F6DB69F00B73B40;
			productRefGroup = BA510E971F6DB69F00B73B40 /* Products */;
			projectDirPath = "";
			projectRoot = "";
			targets = (
				BA510E951F6DB69F00B73B40 /* techcrunch-hack-sf-2017 */,
				BA510EA91F6DB69F00B73B40 /* techcrunch-hack-sf-2017Tests */,
				BA510EB41F6DB69F00B73B40 /* techcrunch-hack-sf-2017UITests */,
			);
		};
/* End PBXProject section */

/* Begin PBXResourcesBuildPhase section */
		BA510E941F6DB69F00B73B40 /* Resources */ = {
			isa = PBXResourcesBuildPhase;
			buildActionMask = 2147483647;
			files = (
				BA510EA41F6DB69F00B73B40 /* LaunchScreen.storyboard in Resources */,
				BA510EA11F6DB69F00B73B40 /* Assets.xcassets in Resources */,
				BA510ECC1F6DDCD300B73B40 /* HomeViewController.xib in Resources */,
				BA510ED21F6DF73100B73B40 /* DetailViewController.xib in Resources */,
			);
			runOnlyForDeploymentPostprocessing = 0;
		};
		BA510EA81F6DB69F00B73B40 /* Resources */ = {
			isa = PBXResourcesBuildPhase;
			buildActionMask = 2147483647;
			files = (
			);
			runOnlyForDeploymentPostprocessing = 0;
		};
		BA510EB31F6DB69F00B73B40 /* Resources */ = {
			isa = PBXResourcesBuildPhase;
			buildActionMask = 2147483647;
			files = (
			);
			runOnlyForDeploymentPostprocessing = 0;
		};
/* End PBXResourcesBuildPhase section */

/* Begin PBXShellScriptBuildPhase section */
		15FE0D7B7691018F13EC58FC /* [CP] Check Pods Manifest.lock */ = {
			isa = PBXShellScriptBuildPhase;
			buildActionMask = 2147483647;
			files = (
			);
			inputPaths = (
			);
			name = "[CP] Check Pods Manifest.lock";
			outputPaths = (
			);
			runOnlyForDeploymentPostprocessing = 0;
			shellPath = /bin/sh;
			shellScript = "diff \"${PODS_PODFILE_DIR_PATH}/Podfile.lock\" \"${PODS_ROOT}/Manifest.lock\" > /dev/null\nif [ $? != 0 ] ; then\n    # print error to STDERR\n    echo \"error: The sandbox is not in sync with the Podfile.lock. Run 'pod install' or update your CocoaPods installation.\" >&2\n    exit 1\nfi\n";
			showEnvVarsInLog = 0;
		};
		255D3102EFA6E3E1FF667E9C /* [CP] Copy Pods Resources */ = {
			isa = PBXShellScriptBuildPhase;
			buildActionMask = 2147483647;
			files = (
			);
			inputPaths = (
			);
			name = "[CP] Copy Pods Resources";
			outputPaths = (
			);
			runOnlyForDeploymentPostprocessing = 0;
			shellPath = /bin/sh;
			shellScript = "\"${SRCROOT}/Pods/Target Support Files/Pods-techcrunch-hack-sf-2017Tests/Pods-techcrunch-hack-sf-2017Tests-resources.sh\"\n";
			showEnvVarsInLog = 0;
		};
		834007E65929F625AAEF0D73 /* [CP] Check Pods Manifest.lock */ = {
			isa = PBXShellScriptBuildPhase;
			buildActionMask = 2147483647;
			files = (
			);
			inputPaths = (
			);
			name = "[CP] Check Pods Manifest.lock";
			outputPaths = (
			);
			runOnlyForDeploymentPostprocessing = 0;
			shellPath = /bin/sh;
			shellScript = "diff \"${PODS_PODFILE_DIR_PATH}/Podfile.lock\" \"${PODS_ROOT}/Manifest.lock\" > /dev/null\nif [ $? != 0 ] ; then\n    # print error to STDERR\n    echo \"error: The sandbox is not in sync with the Podfile.lock. Run 'pod install' or update your CocoaPods installation.\" >&2\n    exit 1\nfi\n";
			showEnvVarsInLog = 0;
		};
		853B62DF64C6FF129AFD942A /* [CP] Check Pods Manifest.lock */ = {
			isa = PBXShellScriptBuildPhase;
			buildActionMask = 2147483647;
			files = (
			);
			inputPaths = (
			);
			name = "[CP] Check Pods Manifest.lock";
			outputPaths = (
			);
			runOnlyForDeploymentPostprocessing = 0;
			shellPath = /bin/sh;
			shellScript = "diff \"${PODS_PODFILE_DIR_PATH}/Podfile.lock\" \"${PODS_ROOT}/Manifest.lock\" > /dev/null\nif [ $? != 0 ] ; then\n    # print error to STDERR\n    echo \"error: The sandbox is not in sync with the Podfile.lock. Run 'pod install' or update your CocoaPods installation.\" >&2\n    exit 1\nfi\n";
			showEnvVarsInLog = 0;
		};
		8B3701D0D13A4EF1511A5EE2 /* [CP] Embed Pods Frameworks */ = {
			isa = PBXShellScriptBuildPhase;
			buildActionMask = 2147483647;
			files = (
			);
			inputPaths = (
			);
			name = "[CP] Embed Pods Frameworks";
			outputPaths = (
			);
			runOnlyForDeploymentPostprocessing = 0;
			shellPath = /bin/sh;
			shellScript = "\"${SRCROOT}/Pods/Target Support Files/Pods-techcrunch-hack-sf-2017Tests/Pods-techcrunch-hack-sf-2017Tests-frameworks.sh\"\n";
			showEnvVarsInLog = 0;
		};
		95AA767AAFF97044D2D147E1 /* [CP] Embed Pods Frameworks */ = {
			isa = PBXShellScriptBuildPhase;
			buildActionMask = 2147483647;
			files = (
			);
			inputPaths = (
			);
			name = "[CP] Embed Pods Frameworks";
			outputPaths = (
			);
			runOnlyForDeploymentPostprocessing = 0;
			shellPath = /bin/sh;
			shellScript = "\"${SRCROOT}/Pods/Target Support Files/Pods-techcrunch-hack-sf-2017/Pods-techcrunch-hack-sf-2017-frameworks.sh\"\n";
			showEnvVarsInLog = 0;
		};
		9CC3390F95DBC082DDFC9080 /* [CP] Copy Pods Resources */ = {
			isa = PBXShellScriptBuildPhase;
			buildActionMask = 2147483647;
			files = (
			);
			inputPaths = (
			);
			name = "[CP] Copy Pods Resources";
			outputPaths = (
			);
			runOnlyForDeploymentPostprocessing = 0;
			shellPath = /bin/sh;
			shellScript = "\"${SRCROOT}/Pods/Target Support Files/Pods-techcrunch-hack-sf-2017UITests/Pods-techcrunch-hack-sf-2017UITests-resources.sh\"\n";
			showEnvVarsInLog = 0;
		};
		AA9E9CA730B63D1B8D002C1E /* [CP] Copy Pods Resources */ = {
			isa = PBXShellScriptBuildPhase;
			buildActionMask = 2147483647;
			files = (
			);
			inputPaths = (
			);
			name = "[CP] Copy Pods Resources";
			outputPaths = (
			);
			runOnlyForDeploymentPostprocessing = 0;
			shellPath = /bin/sh;
			shellScript = "\"${SRCROOT}/Pods/Target Support Files/Pods-techcrunch-hack-sf-2017/Pods-techcrunch-hack-sf-2017-resources.sh\"\n";
			showEnvVarsInLog = 0;
		};
		F5F1AB96FB7A1ACFF908D50D /* [CP] Embed Pods Frameworks */ = {
			isa = PBXShellScriptBuildPhase;
			buildActionMask = 2147483647;
			files = (
			);
			inputPaths = (
			);
			name = "[CP] Embed Pods Frameworks";
			outputPaths = (
			);
			runOnlyForDeploymentPostprocessing = 0;
			shellPath = /bin/sh;
			shellScript = "\"${SRCROOT}/Pods/Target Support Files/Pods-techcrunch-hack-sf-2017UITests/Pods-techcrunch-hack-sf-2017UITests-frameworks.sh\"\n";
			showEnvVarsInLog = 0;
		};
/* End PBXShellScriptBuildPhase section */

/* Begin PBXSourcesBuildPhase section */
		BA510E921F6DB69F00B73B40 /* Sources */ = {
			isa = PBXSourcesBuildPhase;
			buildActionMask = 2147483647;
			files = (
				BA510E9A1F6DB69F00B73B40 /* AppDelegate.swift in Sources */,
				BA510ED01F6DE4B800B73B40 /* CustomAnnotationView.swift in Sources */,
				BA510ED61F6DF7F800B73B40 /* Request.swift in Sources */,
				BA510ECB1F6DDCD300B73B40 /* HomeViewController.swift in Sources */,
				BA510ED41F6DF73800B73B40 /* DetailViewController.swift in Sources */,
				BA510ED91F6DF90E00B73B40 /* CustomAnnotation.swift in Sources */,
			);
			runOnlyForDeploymentPostprocessing = 0;
		};
		BA510EA61F6DB69F00B73B40 /* Sources */ = {
			isa = PBXSourcesBuildPhase;
			buildActionMask = 2147483647;
			files = (
				BA510EAF1F6DB69F00B73B40 /* techcrunch_hack_sf_2017Tests.swift in Sources */,
			);
			runOnlyForDeploymentPostprocessing = 0;
		};
		BA510EB11F6DB69F00B73B40 /* Sources */ = {
			isa = PBXSourcesBuildPhase;
			buildActionMask = 2147483647;
			files = (
				BA510EBA1F6DB69F00B73B40 /* techcrunch_hack_sf_2017UITests.swift in Sources */,
			);
			runOnlyForDeploymentPostprocessing = 0;
		};
/* End PBXSourcesBuildPhase section */

/* Begin PBXTargetDependency section */
		BA510EAC1F6DB69F00B73B40 /* PBXTargetDependency */ = {
			isa = PBXTargetDependency;
			target = BA510E951F6DB69F00B73B40 /* techcrunch-hack-sf-2017 */;
			targetProxy = BA510EAB1F6DB69F00B73B40 /* PBXContainerItemProxy */;
		};
		BA510EB71F6DB69F00B73B40 /* PBXTargetDependency */ = {
			isa = PBXTargetDependency;
			target = BA510E951F6DB69F00B73B40 /* techcrunch-hack-sf-2017 */;
			targetProxy = BA510EB61F6DB69F00B73B40 /* PBXContainerItemProxy */;
		};
/* End PBXTargetDependency section */

/* Begin PBXVariantGroup section */
		BA510EA21F6DB69F00B73B40 /* LaunchScreen.storyboard */ = {
			isa = PBXVariantGroup;
			children = (
				BA510EA31F6DB69F00B73B40 /* Base */,
			);
			name = LaunchScreen.storyboard;
			sourceTree = "<group>";
		};
/* End PBXVariantGroup section */

/* Begin XCBuildConfiguration section */
		BA510EBC1F6DB69F00B73B40 /* Debug */ = {
			isa = XCBuildConfiguration;
			buildSettings = {
				ALWAYS_SEARCH_USER_PATHS = NO;
				CLANG_ANALYZER_NONNULL = YES;
				CLANG_ANALYZER_NUMBER_OBJECT_CONVERSION = YES_AGGRESSIVE;
				CLANG_CXX_LANGUAGE_STANDARD = "gnu++0x";
				CLANG_CXX_LIBRARY = "libc++";
				CLANG_ENABLE_MODULES = YES;
				CLANG_ENABLE_OBJC_ARC = YES;
				CLANG_WARN_BOOL_CONVERSION = YES;
				CLANG_WARN_CONSTANT_CONVERSION = YES;
				CLANG_WARN_DIRECT_OBJC_ISA_USAGE = YES_ERROR;
				CLANG_WARN_DOCUMENTATION_COMMENTS = YES;
				CLANG_WARN_EMPTY_BODY = YES;
				CLANG_WARN_ENUM_CONVERSION = YES;
				CLANG_WARN_INFINITE_RECURSION = YES;
				CLANG_WARN_INT_CONVERSION = YES;
				CLANG_WARN_OBJC_ROOT_CLASS = YES_ERROR;
				CLANG_WARN_SUSPICIOUS_MOVE = YES;
				CLANG_WARN_UNREACHABLE_CODE = YES;
				CLANG_WARN__DUPLICATE_METHOD_MATCH = YES;
				"CODE_SIGN_IDENTITY[sdk=iphoneos*]" = "iPhone Developer";
				COPY_PHASE_STRIP = NO;
				DEBUG_INFORMATION_FORMAT = dwarf;
				ENABLE_STRICT_OBJC_MSGSEND = YES;
				ENABLE_TESTABILITY = YES;
				GCC_C_LANGUAGE_STANDARD = gnu99;
				GCC_DYNAMIC_NO_PIC = NO;
				GCC_NO_COMMON_BLOCKS = YES;
				GCC_OPTIMIZATION_LEVEL = 0;
				GCC_PREPROCESSOR_DEFINITIONS = (
					"DEBUG=1",
					"$(inherited)",
				);
				GCC_WARN_64_TO_32_BIT_CONVERSION = YES;
				GCC_WARN_ABOUT_RETURN_TYPE = YES_ERROR;
				GCC_WARN_UNDECLARED_SELECTOR = YES;
				GCC_WARN_UNINITIALIZED_AUTOS = YES_AGGRESSIVE;
				GCC_WARN_UNUSED_FUNCTION = YES;
				GCC_WARN_UNUSED_VARIABLE = YES;
				IPHONEOS_DEPLOYMENT_TARGET = 10.3;
				MTL_ENABLE_DEBUG_INFO = YES;
				ONLY_ACTIVE_ARCH = YES;
				SDKROOT = iphoneos;
				SWIFT_ACTIVE_COMPILATION_CONDITIONS = DEBUG;
				SWIFT_OPTIMIZATION_LEVEL = "-Onone";
				TARGETED_DEVICE_FAMILY = "1,2";
			};
			name = Debug;
		};
		BA510EBD1F6DB69F00B73B40 /* Release */ = {
			isa = XCBuildConfiguration;
			buildSettings = {
				ALWAYS_SEARCH_USER_PATHS = NO;
				CLANG_ANALYZER_NONNULL = YES;
				CLANG_ANALYZER_NUMBER_OBJECT_CONVERSION = YES_AGGRESSIVE;
				CLANG_CXX_LANGUAGE_STANDARD = "gnu++0x";
				CLANG_CXX_LIBRARY = "libc++";
				CLANG_ENABLE_MODULES = YES;
				CLANG_ENABLE_OBJC_ARC = YES;
				CLANG_WARN_BOOL_CONVERSION = YES;
				CLANG_WARN_CONSTANT_CONVERSION = YES;
				CLANG_WARN_DIRECT_OBJC_ISA_USAGE = YES_ERROR;
				CLANG_WARN_DOCUMENTATION_COMMENTS = YES;
				CLANG_WARN_EMPTY_BODY = YES;
				CLANG_WARN_ENUM_CONVERSION = YES;
				CLANG_WARN_INFINITE_RECURSION = YES;
				CLANG_WARN_INT_CONVERSION = YES;
				CLANG_WARN_OBJC_ROOT_CLASS = YES_ERROR;
				CLANG_WARN_SUSPICIOUS_MOVE = YES;
				CLANG_WARN_UNREACHABLE_CODE = YES;
				CLANG_WARN__DUPLICATE_METHOD_MATCH = YES;
				"CODE_SIGN_IDENTITY[sdk=iphoneos*]" = "iPhone Developer";
				COPY_PHASE_STRIP = NO;
				DEBUG_INFORMATION_FORMAT = "dwarf-with-dsym";
				ENABLE_NS_ASSERTIONS = NO;
				ENABLE_STRICT_OBJC_MSGSEND = YES;
				GCC_C_LANGUAGE_STANDARD = gnu99;
				GCC_NO_COMMON_BLOCKS = YES;
				GCC_WARN_64_TO_32_BIT_CONVERSION = YES;
				GCC_WARN_ABOUT_RETURN_TYPE = YES_ERROR;
				GCC_WARN_UNDECLARED_SELECTOR = YES;
				GCC_WARN_UNINITIALIZED_AUTOS = YES_AGGRESSIVE;
				GCC_WARN_UNUSED_FUNCTION = YES;
				GCC_WARN_UNUSED_VARIABLE = YES;
				IPHONEOS_DEPLOYMENT_TARGET = 10.3;
				MTL_ENABLE_DEBUG_INFO = NO;
				SDKROOT = iphoneos;
				SWIFT_OPTIMIZATION_LEVEL = "-Owholemodule";
				TARGETED_DEVICE_FAMILY = "1,2";
				VALIDATE_PRODUCT = YES;
			};
			name = Release;
		};
		BA510EBF1F6DB69F00B73B40 /* Debug */ = {
			isa = XCBuildConfiguration;
			baseConfigurationReference = 00D1AC087F5D82209BBD43E3 /* Pods-techcrunch-hack-sf-2017.debug.xcconfig */;
			buildSettings = {
				ASSETCATALOG_COMPILER_APPICON_NAME = AppIcon;
				DEVELOPMENT_TEAM = D2NAM757TM;
				INFOPLIST_FILE = "techcrunch-hack-sf-2017/Info.plist";
				LD_RUNPATH_SEARCH_PATHS = "$(inherited) @executable_path/Frameworks";
				PRODUCT_BUNDLE_IDENTIFIER = "propelland.techcrunch-hack-sf-2017";
				PRODUCT_NAME = "$(TARGET_NAME)";
				SWIFT_VERSION = 3.0;
			};
			name = Debug;
		};
		BA510EC01F6DB69F00B73B40 /* Release */ = {
			isa = XCBuildConfiguration;
			baseConfigurationReference = 90E8AD60678E823971ACA683 /* Pods-techcrunch-hack-sf-2017.release.xcconfig */;
			buildSettings = {
				ASSETCATALOG_COMPILER_APPICON_NAME = AppIcon;
				DEVELOPMENT_TEAM = D2NAM757TM;
				INFOPLIST_FILE = "techcrunch-hack-sf-2017/Info.plist";
				LD_RUNPATH_SEARCH_PATHS = "$(inherited) @executable_path/Frameworks";
				PRODUCT_BUNDLE_IDENTIFIER = "propelland.techcrunch-hack-sf-2017";
				PRODUCT_NAME = "$(TARGET_NAME)";
				SWIFT_VERSION = 3.0;
			};
			name = Release;
		};
		BA510EC21F6DB69F00B73B40 /* Debug */ = {
			isa = XCBuildConfiguration;
			baseConfigurationReference = 1BFB03E7CB2C18B74972D16C /* Pods-techcrunch-hack-sf-2017Tests.debug.xcconfig */;
			buildSettings = {
				ALWAYS_EMBED_SWIFT_STANDARD_LIBRARIES = YES;
				BUNDLE_LOADER = "$(TEST_HOST)";
				DEVELOPMENT_TEAM = D2NAM757TM;
				INFOPLIST_FILE = "techcrunch-hack-sf-2017Tests/Info.plist";
				LD_RUNPATH_SEARCH_PATHS = "$(inherited) @executable_path/Frameworks @loader_path/Frameworks";
				PRODUCT_BUNDLE_IDENTIFIER = "propelland.techcrunch-hack-sf-2017Tests";
				PRODUCT_NAME = "$(TARGET_NAME)";
				SWIFT_VERSION = 3.0;
				TEST_HOST = "$(BUILT_PRODUCTS_DIR)/techcrunch-hack-sf-2017.app/techcrunch-hack-sf-2017";
			};
			name = Debug;
		};
		BA510EC31F6DB69F00B73B40 /* Release */ = {
			isa = XCBuildConfiguration;
			baseConfigurationReference = 095EF2737FE6EFAAB639F211 /* Pods-techcrunch-hack-sf-2017Tests.release.xcconfig */;
			buildSettings = {
				ALWAYS_EMBED_SWIFT_STANDARD_LIBRARIES = YES;
				BUNDLE_LOADER = "$(TEST_HOST)";
				DEVELOPMENT_TEAM = D2NAM757TM;
				INFOPLIST_FILE = "techcrunch-hack-sf-2017Tests/Info.plist";
				LD_RUNPATH_SEARCH_PATHS = "$(inherited) @executable_path/Frameworks @loader_path/Frameworks";
				PRODUCT_BUNDLE_IDENTIFIER = "propelland.techcrunch-hack-sf-2017Tests";
				PRODUCT_NAME = "$(TARGET_NAME)";
				SWIFT_VERSION = 3.0;
				TEST_HOST = "$(BUILT_PRODUCTS_DIR)/techcrunch-hack-sf-2017.app/techcrunch-hack-sf-2017";
			};
			name = Release;
		};
		BA510EC51F6DB69F00B73B40 /* Debug */ = {
			isa = XCBuildConfiguration;
			baseConfigurationReference = 2E7F7FCC7E41741F2BD2E943 /* Pods-techcrunch-hack-sf-2017UITests.debug.xcconfig */;
			buildSettings = {
				ALWAYS_EMBED_SWIFT_STANDARD_LIBRARIES = YES;
				DEVELOPMENT_TEAM = D2NAM757TM;
				INFOPLIST_FILE = "techcrunch-hack-sf-2017UITests/Info.plist";
				LD_RUNPATH_SEARCH_PATHS = "$(inherited) @executable_path/Frameworks @loader_path/Frameworks";
				PRODUCT_BUNDLE_IDENTIFIER = "propelland.techcrunch-hack-sf-2017UITests";
				PRODUCT_NAME = "$(TARGET_NAME)";
				SWIFT_VERSION = 3.0;
				TEST_TARGET_NAME = "techcrunch-hack-sf-2017";
			};
			name = Debug;
		};
		BA510EC61F6DB69F00B73B40 /* Release */ = {
			isa = XCBuildConfiguration;
			baseConfigurationReference = 8EDFEEABAD6F9801E63B2E6C /* Pods-techcrunch-hack-sf-2017UITests.release.xcconfig */;
			buildSettings = {
				ALWAYS_EMBED_SWIFT_STANDARD_LIBRARIES = YES;
				DEVELOPMENT_TEAM = D2NAM757TM;
				INFOPLIST_FILE = "techcrunch-hack-sf-2017UITests/Info.plist";
				LD_RUNPATH_SEARCH_PATHS = "$(inherited) @executable_path/Frameworks @loader_path/Frameworks";
				PRODUCT_BUNDLE_IDENTIFIER = "propelland.techcrunch-hack-sf-2017UITests";
				PRODUCT_NAME = "$(TARGET_NAME)";
				SWIFT_VERSION = 3.0;
				TEST_TARGET_NAME = "techcrunch-hack-sf-2017";
			};
			name = Release;
		};
/* End XCBuildConfiguration section */

/* Begin XCConfigurationList section */
		BA510E911F6DB69F00B73B40 /* Build configuration list for PBXProject "techcrunch-hack-sf-2017" */ = {
			isa = XCConfigurationList;
			buildConfigurations = (
				BA510EBC1F6DB69F00B73B40 /* Debug */,
				BA510EBD1F6DB69F00B73B40 /* Release */,
			);
			defaultConfigurationIsVisible = 0;
			defaultConfigurationName = Release;
		};
		BA510EBE1F6DB69F00B73B40 /* Build configuration list for PBXNativeTarget "techcrunch-hack-sf-2017" */ = {
			isa = XCConfigurationList;
			buildConfigurations = (
				BA510EBF1F6DB69F00B73B40 /* Debug */,
				BA510EC01F6DB69F00B73B40 /* Release */,
			);
			defaultConfigurationIsVisible = 0;
			defaultConfigurationName = Release;
		};
		BA510EC11F6DB69F00B73B40 /* Build configuration list for PBXNativeTarget "techcrunch-hack-sf-2017Tests" */ = {
			isa = XCConfigurationList;
			buildConfigurations = (
				BA510EC21F6DB69F00B73B40 /* Debug */,
				BA510EC31F6DB69F00B73B40 /* Release */,
			);
			defaultConfigurationIsVisible = 0;
			defaultConfigurationName = Release;
		};
		BA510EC41F6DB69F00B73B40 /* Build configuration list for PBXNativeTarget "techcrunch-hack-sf-2017UITests" */ = {
			isa = XCConfigurationList;
			buildConfigurations = (
				BA510EC51F6DB69F00B73B40 /* Debug */,
				BA510EC61F6DB69F00B73B40 /* Release */,
			);
			defaultConfigurationIsVisible = 0;
			defaultConfigurationName = Release;
		};
/* End XCConfigurationList section */
	};
	rootObject = BA510E8E1F6DB69F00B73B40 /* Project object */;
}
